
Microsoft Visual Studio Solution File, Format Version 12.00
# Visual Studio Version 17
VisualStudioVersion = 17.14.36301.6
MinimumVisualStudioVersion = 10.0.40219.1
Project("{FAE04EC0-301F-11D3-BF4B-00C04F79EFBC}") = "ShopBuAPI", "ShopBuAPI.csproj", "{B00D9089-00C8-4DBE-8528-C9E1C976D485}"
EndProject
Project("{FAE04EC0-301F-11D3-BF4B-00C04F79EFBC}") = "ShopBuModels", "..\ShopBuModels\ShopBuModels.csproj", "{7E26ABB4-052E-AD3D-A17A-28DEC1DFF3D9}"
EndProject
Global
	GlobalSection(SolutionConfigurationPlatforms) = preSolution
		Debug|Any CPU = Debug|Any CPU
		Release|Any CPU = Release|Any CPU
	EndGlobalSection
	GlobalSection(ProjectConfigurationPlatforms) = postSolution
		{B00D9089-00C8-4DBE-8528-C9E1C976D485}.Debug|Any CPU.ActiveCfg = Debug|Any CPU
		{B00D9089-00C8-4DBE-8528-C9E1C976D485}.Debug|Any CPU.Build.0 = Debug|Any CPU
		{B00D9089-00C8-4DBE-8528-C9E1C976D485}.Release|Any CPU.ActiveCfg = Release|Any CPU
		{B00D9089-00C8-4DBE-8528-C9E1C976D485}.Release|Any CPU.Build.0 = Release|Any CPU
		{7E26ABB4-052E-AD3D-A17A-28DEC1DFF3D9}.Debug|Any CPU.ActiveCfg = Debug|Any CPU
		{7E26ABB4-052E-AD3D-A17A-28DEC1DFF3D9}.Debug|Any CPU.Build.0 = Debug|Any CPU
		{7E26ABB4-052E-AD3D-A17A-28DEC1DFF3D9}.Release|Any CPU.ActiveCfg = Release|Any CPU
		{7E26ABB4-052E-AD3D-A17A-28DEC1DFF3D9}.Release|Any CPU.Build.0 = Release|Any CPU
	EndGlobalSection
	GlobalSection(SolutionProperties) = preSolution
		HideSolutionNode = FALSE
	EndGlobalSection
	GlobalSection(ExtensibilityGlobals) = postSolution
		SolutionGuid = {340F6414-79C7-4B3E-90F8-58E566427645}
	EndGlobalSection
EndGlobal
